
Microsoft Visual Studio Solution File, Format Version 12.00
# Visual Studio Version 17
VisualStudioVersion = 17.11.35312.102
MinimumVisualStudioVersion = 10.0.40219.1
Project("{FAE04EC0-301F-11D3-BF4B-00C04F79EFBC}") = "FayaFoodUPN", "FayaFoodUPN\FayaFoodUPN.csproj", "{63C2359A-2936-47AE-AD7B-D6D74932EFC0}"
EndProject
Global
	GlobalSection(SolutionConfigurationPlatforms) = preSolution
		Debug|Any CPU = Debug|Any CPU
		Release|Any CPU = Release|Any CPU
	EndGlobalSection
	GlobalSection(ProjectConfigurationPlatforms) = postSolution
		{63C2359A-2936-47AE-AD7B-D6D74932EFC0}.Debug|Any CPU.ActiveCfg = Debug|Any CPU
		{63C2359A-2936-47AE-AD7B-D6D74932EFC0}.Debug|Any CPU.Build.0 = Debug|Any CPU
		{63C2359A-2936-47AE-AD7B-D6D74932EFC0}.Release|Any CPU.ActiveCfg = Release|Any CPU
		{63C2359A-2936-47AE-AD7B-D6D74932EFC0}.Release|Any CPU.Build.0 = Release|Any CPU
	EndGlobalSection
	GlobalSection(SolutionProperties) = preSolution
		HideSolutionNode = FALSE
	EndGlobalSection
	GlobalSection(ExtensibilityGlobals) = postSolution
		SolutionGuid = {EF0EF75E-80E7-40C8-8187-267709CCB399}
	EndGlobalSection
EndGlobal
